// !$*UTF8*$!
{
	archiveVersion = 1;
	classes = {
	};
	objectVersion = 51;
	objects = {

/* Begin PBXBuildFile section */
		444FC4CB6F09ED39C1B6B485 /* Pods_Flix.framework in Frameworks */ = {isa = PBXBuildFile; fileRef = 838EE94ABBC5FC1EA49B9EE2 /* Pods_Flix.framework */; };
		8D332F6D51803E2956055E2F /* Pods_FlixTests.framework in Frameworks */ = {isa = PBXBuildFile; fileRef = E0E381F8B98EEAC6945FE9F4 /* Pods_FlixTests.framework */; };
		A405987084BB22C856579EF3 /* Pods_FlixUITests.framework in Frameworks */ = {isa = PBXBuildFile; fileRef = 6D9BFC9653920D5A021B72CF /* Pods_FlixUITests.framework */; };
		DA3C85B5235E95E0003CA762 /* superhero_tabbar_item.png in Resources */ = {isa = PBXBuildFile; fileRef = DA3C85B4235E95E0003CA762 /* superhero_tabbar_item.png */; };
		DA9F794823650F8C006F10E6 /* MovieGridCell.swift in Sources */ = {isa = PBXBuildFile; fileRef = DA9F794723650F8C006F10E6 /* MovieGridCell.swift */; };
		DAA0F96A2356724000125366 /* AppDelegate.swift in Sources */ = {isa = PBXBuildFile; fileRef = DAA0F9692356724000125366 /* AppDelegate.swift */; };
		DAA0F96C2356724000125366 /* SceneDelegate.swift in Sources */ = {isa = PBXBuildFile; fileRef = DAA0F96B2356724000125366 /* SceneDelegate.swift */; };
		DAA0F9712356724000125366 /* Main.storyboard in Resources */ = {isa = PBXBuildFile; fileRef = DAA0F96F2356724000125366 /* Main.storyboard */; };
		DAA0F9742356724000125366 /* Flix.xcdatamodeld in Sources */ = {isa = PBXBuildFile; fileRef = DAA0F9722356724000125366 /* Flix.xcdatamodeld */; };
		DAA0F9762356725400125366 /* Assets.xcassets in Resources */ = {isa = PBXBuildFile; fileRef = DAA0F9752356725400125366 /* Assets.xcassets */; };
		DAA0F9792356725400125366 /* LaunchScreen.storyboard in Resources */ = {isa = PBXBuildFile; fileRef = DAA0F9772356725400125366 /* LaunchScreen.storyboard */; };
		DAA0F9842356725400125366 /* FlixTests.swift in Sources */ = {isa = PBXBuildFile; fileRef = DAA0F9832356725400125366 /* FlixTests.swift */; };
		DAA0F98F2356725400125366 /* FlixUITests.swift in Sources */ = {isa = PBXBuildFile; fileRef = DAA0F98E2356725400125366 /* FlixUITests.swift */; };
		DAA0F99D235676A600125366 /* launch_image.png in Resources */ = {isa = PBXBuildFile; fileRef = DAA0F99C235676A600125366 /* launch_image.png */; };
		DAA0F99F235677CA00125366 /* MoviesViewController.swift in Sources */ = {isa = PBXBuildFile; fileRef = DAA0F99E235677CA00125366 /* MoviesViewController.swift */; };
		DAA0F9A1235684EA00125366 /* MovieCell.swift in Sources */ = {isa = PBXBuildFile; fileRef = DAA0F9A0235684EA00125366 /* MovieCell.swift */; };
		DAA8146E235E861600D03628 /* MovieDetailsViewController.swift in Sources */ = {isa = PBXBuildFile; fileRef = DAA8146D235E861600D03628 /* MovieDetailsViewController.swift */; };
		DAA81470235E92F800D03628 /* MovieGridViewController.swift in Sources */ = {isa = PBXBuildFile; fileRef = DAA8146F235E92F800D03628 /* MovieGridViewController.swift */; };
		DAEE507B235E9504005CF508 /* now_playing_tabbar_item.png in Resources */ = {isa = PBXBuildFile; fileRef = DAEE507A235E9504005CF508 /* now_playing_tabbar_item.png */; };
		DAEE507D235E9508005CF508 /* reel_tabbar_icon.png in Resources */ = {isa = PBXBuildFile; fileRef = DAEE507C235E9507005CF508 /* reel_tabbar_icon.png */; };
/* End PBXBuildFile section */

/* Begin PBXContainerItemProxy section */
		DAA0F9802356725400125366 /* PBXContainerItemProxy */ = {
			isa = PBXContainerItemProxy;
			containerPortal = DAA0F95E2356723F00125366 /* Project object */;
			proxyType = 1;
			remoteGlobalIDString = DAA0F9652356723F00125366;
			remoteInfo = Flix;
		};
		DAA0F98B2356725400125366 /* PBXContainerItemProxy */ = {
			isa = PBXContainerItemProxy;
			containerPortal = DAA0F95E2356723F00125366 /* Project object */;
			proxyType = 1;
			remoteGlobalIDString = DAA0F9652356723F00125366;
			remoteInfo = Flix;
		};
/* End PBXContainerItemProxy section */

/* Begin PBXFileReference section */
		028109C846D531459F4BD101 /* Pods-FlixUITests.release.xcconfig */ = {isa = PBXFileReference; includeInIndex = 1; lastKnownFileType = text.xcconfig; name = "Pods-FlixUITests.release.xcconfig"; path = "Target Support Files/Pods-FlixUITests/Pods-FlixUITests.release.xcconfig"; sourceTree = "<group>"; };
		1EECEDD37F10E87025114F6A /* Pods-Flix.release.xcconfig */ = {isa = PBXFileReference; includeInIndex = 1; lastKnownFileType = text.xcconfig; name = "Pods-Flix.release.xcconfig"; path = "Target Support Files/Pods-Flix/Pods-Flix.release.xcconfig"; sourceTree = "<group>"; };
		4905605D407DD91FFD2E6A0D /* Pods-FlixUITests.debug.xcconfig */ = {isa = PBXFileReference; includeInIndex = 1; lastKnownFileType = text.xcconfig; name = "Pods-FlixUITests.debug.xcconfig"; path = "Target Support Files/Pods-FlixUITests/Pods-FlixUITests.debug.xcconfig"; sourceTree = "<group>"; };
		6D9BFC9653920D5A021B72CF /* Pods_FlixUITests.framework */ = {isa = PBXFileReference; explicitFileType = wrapper.framework; includeInIndex = 0; path = Pods_FlixUITests.framework; sourceTree = BUILT_PRODUCTS_DIR; };
		838EE94ABBC5FC1EA49B9EE2 /* Pods_Flix.framework */ = {isa = PBXFileReference; explicitFileType = wrapper.framework; includeInIndex = 0; path = Pods_Flix.framework; sourceTree = BUILT_PRODUCTS_DIR; };
		92AC21173C7263300C1FFA53 /* Pods-FlixTests.release.xcconfig */ = {isa = PBXFileReference; includeInIndex = 1; lastKnownFileType = text.xcconfig; name = "Pods-FlixTests.release.xcconfig"; path = "Target Support Files/Pods-FlixTests/Pods-FlixTests.release.xcconfig"; sourceTree = "<group>"; };
		DA3C85B4235E95E0003CA762 /* superhero_tabbar_item.png */ = {isa = PBXFileReference; lastKnownFileType = image.png; name = superhero_tabbar_item.png; path = iOS_flix_assets/superhero_tabbar_item.png; sourceTree = "<group>"; };
		DA9F794723650F8C006F10E6 /* MovieGridCell.swift */ = {isa = PBXFileReference; fileEncoding = 4; lastKnownFileType = sourcecode.swift; path = MovieGridCell.swift; sourceTree = "<group>"; };
		DAA0F9662356724000125366 /* Flix.app */ = {isa = PBXFileReference; explicitFileType = wrapper.application; includeInIndex = 0; path = Flix.app; sourceTree = BUILT_PRODUCTS_DIR; };
		DAA0F9692356724000125366 /* AppDelegate.swift */ = {isa = PBXFileReference; lastKnownFileType = sourcecode.swift; path = AppDelegate.swift; sourceTree = "<group>"; };
		DAA0F96B2356724000125366 /* SceneDelegate.swift */ = {isa = PBXFileReference; lastKnownFileType = sourcecode.swift; path = SceneDelegate.swift; sourceTree = "<group>"; };
		DAA0F9702356724000125366 /* Base */ = {isa = PBXFileReference; lastKnownFileType = file.storyboard; name = Base; path = Base.lproj/Main.storyboard; sourceTree = "<group>"; };
		DAA0F9732356724000125366 /* Flix.xcdatamodel */ = {isa = PBXFileReference; lastKnownFileType = wrapper.xcdatamodel; path = Flix.xcdatamodel; sourceTree = "<group>"; };
		DAA0F9752356725400125366 /* Assets.xcassets */ = {isa = PBXFileReference; lastKnownFileType = folder.assetcatalog; path = Assets.xcassets; sourceTree = "<group>"; };
		DAA0F9782356725400125366 /* Base */ = {isa = PBXFileReference; lastKnownFileType = file.storyboard; name = Base; path = Base.lproj/LaunchScreen.storyboard; sourceTree = "<group>"; };
		DAA0F97A2356725400125366 /* Info.plist */ = {isa = PBXFileReference; lastKnownFileType = text.plist.xml; path = Info.plist; sourceTree = "<group>"; };
		DAA0F97F2356725400125366 /* FlixTests.xctest */ = {isa = PBXFileReference; explicitFileType = wrapper.cfbundle; includeInIndex = 0; path = FlixTests.xctest; sourceTree = BUILT_PRODUCTS_DIR; };
		DAA0F9832356725400125366 /* FlixTests.swift */ = {isa = PBXFileReference; lastKnownFileType = sourcecode.swift; path = FlixTests.swift; sourceTree = "<group>"; };
		DAA0F9852356725400125366 /* Info.plist */ = {isa = PBXFileReference; lastKnownFileType = text.plist.xml; path = Info.plist; sourceTree = "<group>"; };
		DAA0F98A2356725400125366 /* FlixUITests.xctest */ = {isa = PBXFileReference; explicitFileType = wrapper.cfbundle; includeInIndex = 0; path = FlixUITests.xctest; sourceTree = BUILT_PRODUCTS_DIR; };
		DAA0F98E2356725400125366 /* FlixUITests.swift */ = {isa = PBXFileReference; lastKnownFileType = sourcecode.swift; path = FlixUITests.swift; sourceTree = "<group>"; };
		DAA0F9902356725400125366 /* Info.plist */ = {isa = PBXFileReference; lastKnownFileType = text.plist.xml; path = Info.plist; sourceTree = "<group>"; };
		DAA0F99C235676A600125366 /* launch_image.png */ = {isa = PBXFileReference; lastKnownFileType = image.png; path = launch_image.png; sourceTree = "<group>"; };
		DAA0F99E235677CA00125366 /* MoviesViewController.swift */ = {isa = PBXFileReference; fileEncoding = 4; lastKnownFileType = sourcecode.swift; path = MoviesViewController.swift; sourceTree = "<group>"; };
		DAA0F9A0235684EA00125366 /* MovieCell.swift */ = {isa = PBXFileReference; lastKnownFileType = sourcecode.swift; path = MovieCell.swift; sourceTree = "<group>"; };
		DAA8146D235E861600D03628 /* MovieDetailsViewController.swift */ = {isa = PBXFileReference; lastKnownFileType = sourcecode.swift; path = MovieDetailsViewController.swift; sourceTree = "<group>"; };
		DAA8146F235E92F800D03628 /* MovieGridViewController.swift */ = {isa = PBXFileReference; lastKnownFileType = sourcecode.swift; path = MovieGridViewController.swift; sourceTree = "<group>"; };
		DAEE507A235E9504005CF508 /* now_playing_tabbar_item.png */ = {isa = PBXFileReference; lastKnownFileType = image.png; path = now_playing_tabbar_item.png; sourceTree = "<group>"; };
		DAEE507C235E9507005CF508 /* reel_tabbar_icon.png */ = {isa = PBXFileReference; lastKnownFileType = image.png; path = reel_tabbar_icon.png; sourceTree = "<group>"; };
		DF0F94CAAE89A2D339FB1D9B /* Pods-Flix.debug.xcconfig */ = {isa = PBXFileReference; includeInIndex = 1; lastKnownFileType = text.xcconfig; name = "Pods-Flix.debug.xcconfig"; path = "Target Support Files/Pods-Flix/Pods-Flix.debug.xcconfig"; sourceTree = "<group>"; };
		E0E381F8B98EEAC6945FE9F4 /* Pods_FlixTests.framework */ = {isa = PBXFileReference; explicitFileType = wrapper.framework; includeInIndex = 0; path = Pods_FlixTests.framework; sourceTree = BUILT_PRODUCTS_DIR; };
		F36EA50BF4B3186932DE784F /* Pods-FlixTests.debug.xcconfig */ = {isa = PBXFileReference; includeInIndex = 1; lastKnownFileType = text.xcconfig; name = "Pods-FlixTests.debug.xcconfig"; path = "Target Support Files/Pods-FlixTests/Pods-FlixTests.debug.xcconfig"; sourceTree = "<group>"; };
/* End PBXFileReference section */

/* Begin PBXFrameworksBuildPhase section */
		DAA0F9632356723F00125366 /* Frameworks */ = {
			isa = PBXFrameworksBuildPhase;
			buildActionMask = 2147483647;
			files = (
				444FC4CB6F09ED39C1B6B485 /* Pods_Flix.framework in Frameworks */,
			);
			runOnlyForDeploymentPostprocessing = 0;
		};
		DAA0F97C2356725400125366 /* Frameworks */ = {
			isa = PBXFrameworksBuildPhase;
			buildActionMask = 2147483647;
			files = (
				8D332F6D51803E2956055E2F /* Pods_FlixTests.framework in Frameworks */,
			);
			runOnlyForDeploymentPostprocessing = 0;
		};
		DAA0F9872356725400125366 /* Frameworks */ = {
			isa = PBXFrameworksBuildPhase;
			buildActionMask = 2147483647;
			files = (
				A405987084BB22C856579EF3 /* Pods_FlixUITests.framework in Frameworks */,
			);
			runOnlyForDeploymentPostprocessing = 0;
		};
/* End PBXFrameworksBuildPhase section */

/* Begin PBXGroup section */
		04D0C31A2CFE6A89865C7A02 /* Frameworks */ = {
			isa = PBXGroup;
			children = (
				838EE94ABBC5FC1EA49B9EE2 /* Pods_Flix.framework */,
				E0E381F8B98EEAC6945FE9F4 /* Pods_FlixTests.framework */,
				6D9BFC9653920D5A021B72CF /* Pods_FlixUITests.framework */,
			);
			name = Frameworks;
			sourceTree = "<group>";
		};
		DA38232B5F60CB195F5A2815 /* Pods */ = {
			isa = PBXGroup;
			children = (
				DF0F94CAAE89A2D339FB1D9B /* Pods-Flix.debug.xcconfig */,
				1EECEDD37F10E87025114F6A /* Pods-Flix.release.xcconfig */,
				F36EA50BF4B3186932DE784F /* Pods-FlixTests.debug.xcconfig */,
				92AC21173C7263300C1FFA53 /* Pods-FlixTests.release.xcconfig */,
				4905605D407DD91FFD2E6A0D /* Pods-FlixUITests.debug.xcconfig */,
				028109C846D531459F4BD101 /* Pods-FlixUITests.release.xcconfig */,
			);
			path = Pods;
			sourceTree = "<group>";
		};
		DAA0F95D2356723F00125366 = {
			isa = PBXGroup;
			children = (
				DAA0F9682356724000125366 /* Flix */,
				DAA0F9822356725400125366 /* FlixTests */,
				DAA0F98D2356725400125366 /* FlixUITests */,
				DAA0F9672356724000125366 /* Products */,
				DA38232B5F60CB195F5A2815 /* Pods */,
				04D0C31A2CFE6A89865C7A02 /* Frameworks */,
			);
			sourceTree = "<group>";
		};
		DAA0F9672356724000125366 /* Products */ = {
			isa = PBXGroup;
			children = (
				DAA0F9662356724000125366 /* Flix.app */,
				DAA0F97F2356725400125366 /* FlixTests.xctest */,
				DAA0F98A2356725400125366 /* FlixUITests.xctest */,
			);
			name = Products;
			sourceTree = "<group>";
		};
		DAA0F9682356724000125366 /* Flix */ = {
			isa = PBXGroup;
			children = (
				DA9F794723650F8C006F10E6 /* MovieGridCell.swift */,
				DAA0F99E235677CA00125366 /* MoviesViewController.swift */,
				DAA0F9A0235684EA00125366 /* MovieCell.swift */,
				DAA0F9692356724000125366 /* AppDelegate.swift */,
				DAA0F96B2356724000125366 /* SceneDelegate.swift */,
				DAA0F96F2356724000125366 /* Main.storyboard */,
				DAA8146F235E92F800D03628 /* MovieGridViewController.swift */,
				DAA8146D235E861600D03628 /* MovieDetailsViewController.swift */,
				DAA0F9752356725400125366 /* Assets.xcassets */,
				DAA0F9772356725400125366 /* LaunchScreen.storyboard */,
				DA3C85B4235E95E0003CA762 /* superhero_tabbar_item.png */,
				DAA0F99C235676A600125366 /* launch_image.png */,
				DAEE507A235E9504005CF508 /* now_playing_tabbar_item.png */,
				DAEE507C235E9507005CF508 /* reel_tabbar_icon.png */,
				DAA0F97A2356725400125366 /* Info.plist */,
				DAA0F9722356724000125366 /* Flix.xcdatamodeld */,
			);
			path = Flix;
			sourceTree = "<group>";
		};
		DAA0F9822356725400125366 /* FlixTests */ = {
			isa = PBXGroup;
			children = (
				DAA0F9832356725400125366 /* FlixTests.swift */,
				DAA0F9852356725400125366 /* Info.plist */,
			);
			path = FlixTests;
			sourceTree = "<group>";
		};
		DAA0F98D2356725400125366 /* FlixUITests */ = {
			isa = PBXGroup;
			children = (
				DAA0F98E2356725400125366 /* FlixUITests.swift */,
				DAA0F9902356725400125366 /* Info.plist */,
			);
			path = FlixUITests;
			sourceTree = "<group>";
		};
/* End PBXGroup section */

/* Begin PBXNativeTarget section */
		DAA0F9652356723F00125366 /* Flix */ = {
			isa = PBXNativeTarget;
			buildConfigurationList = DAA0F9932356725400125366 /* Build configuration list for PBXNativeTarget "Flix" */;
			buildPhases = (
				2D771F18CE04B5D8866C2BB4 /* [CP] Check Pods Manifest.lock */,
				DAA0F9622356723F00125366 /* Sources */,
				DAA0F9632356723F00125366 /* Frameworks */,
				DAA0F9642356723F00125366 /* Resources */,
				8A53711DE257A0933A9B2E2D /* [CP] Embed Pods Frameworks */,
			);
			buildRules = (
			);
			dependencies = (
			);
			name = Flix;
			productName = Flix;
			productReference = DAA0F9662356724000125366 /* Flix.app */;
			productType = "com.apple.product-type.application";
		};
		DAA0F97E2356725400125366 /* FlixTests */ = {
			isa = PBXNativeTarget;
			buildConfigurationList = DAA0F9962356725400125366 /* Build configuration list for PBXNativeTarget "FlixTests" */;
			buildPhases = (
				D24A05718176201AF3D0FB5B /* [CP] Check Pods Manifest.lock */,
				DAA0F97B2356725400125366 /* Sources */,
				DAA0F97C2356725400125366 /* Frameworks */,
				DAA0F97D2356725400125366 /* Resources */,
			);
			buildRules = (
			);
			dependencies = (
				DAA0F9812356725400125366 /* PBXTargetDependency */,
			);
			name = FlixTests;
			productName = FlixTests;
			productReference = DAA0F97F2356725400125366 /* FlixTests.xctest */;
			productType = "com.apple.product-type.bundle.unit-test";
		};
		DAA0F9892356725400125366 /* FlixUITests */ = {
			isa = PBXNativeTarget;
			buildConfigurationList = DAA0F9992356725400125366 /* Build configuration list for PBXNativeTarget "FlixUITests" */;
			buildPhases = (
				9B5D322CF31EAF8A92BF5304 /* [CP] Check Pods Manifest.lock */,
				DAA0F9862356725400125366 /* Sources */,
				DAA0F9872356725400125366 /* Frameworks */,
				DAA0F9882356725400125366 /* Resources */,
			);
			buildRules = (
			);
			dependencies = (
				DAA0F98C2356725400125366 /* PBXTargetDependency */,
			);
			name = FlixUITests;
			productName = FlixUITests;
			productReference = DAA0F98A2356725400125366 /* FlixUITests.xctest */;
			productType = "com.apple.product-type.bundle.ui-testing";
		};
/* End PBXNativeTarget section */

/* Begin PBXProject section */
		DAA0F95E2356723F00125366 /* Project object */ = {
			isa = PBXProject;
			attributes = {
				LastSwiftUpdateCheck = 1110;
				LastUpgradeCheck = 1110;
				ORGANIZATIONNAME = Nebala;
				TargetAttributes = {
					DAA0F9652356723F00125366 = {
						CreatedOnToolsVersion = 11.1;
					};
					DAA0F97E2356725400125366 = {
						CreatedOnToolsVersion = 11.1;
						TestTargetID = DAA0F9652356723F00125366;
					};
					DAA0F9892356725400125366 = {
						CreatedOnToolsVersion = 11.1;
						TestTargetID = DAA0F9652356723F00125366;
					};
				};
			};
			buildConfigurationList = DAA0F9612356723F00125366 /* Build configuration list for PBXProject "Flix" */;
			compatibilityVersion = "Xcode 9.3";
			developmentRegion = en;
			hasScannedForEncodings = 0;
			knownRegions = (
				en,
				Base,
			);
			mainGroup = DAA0F95D2356723F00125366;
			productRefGroup = DAA0F9672356724000125366 /* Products */;
			projectDirPath = "";
			projectRoot = "";
			targets = (
				DAA0F9652356723F00125366 /* Flix */,
				DAA0F97E2356725400125366 /* FlixTests */,
				DAA0F9892356725400125366 /* FlixUITests */,
			);
		};
/* End PBXProject section */

/* Begin PBXResourcesBuildPhase section */
		DAA0F9642356723F00125366 /* Resources */ = {
			isa = PBXResourcesBuildPhase;
			buildActionMask = 2147483647;
			files = (
				DAEE507D235E9508005CF508 /* reel_tabbar_icon.png in Resources */,
				DAA0F99D235676A600125366 /* launch_image.png in Resources */,
				DAA0F9792356725400125366 /* LaunchScreen.storyboard in Resources */,
				DAA0F9762356725400125366 /* Assets.xcassets in Resources */,
				DAEE507B235E9504005CF508 /* now_playing_tabbar_item.png in Resources */,
				DAA0F9712356724000125366 /* Main.storyboard in Resources */,
				DA3C85B5235E95E0003CA762 /* superhero_tabbar_item.png in Resources */,
			);
			runOnlyForDeploymentPostprocessing = 0;
		};
		DAA0F97D2356725400125366 /* Resources */ = {
			isa = PBXResourcesBuildPhase;
			buildActionMask = 2147483647;
			files = (
			);
			runOnlyForDeploymentPostprocessing = 0;
		};
		DAA0F9882356725400125366 /* Resources */ = {
			isa = PBXResourcesBuildPhase;
			buildActionMask = 2147483647;
			files = (
			);
			runOnlyForDeploymentPostprocessing = 0;
		};
/* End PBXResourcesBuildPhase section */

/* Begin PBXShellScriptBuildPhase section */
		2D771F18CE04B5D8866C2BB4 /* [CP] Check Pods Manifest.lock */ = {
			isa = PBXShellScriptBuildPhase;
			buildActionMask = 2147483647;
			files = (
			);
			inputFileListPaths = (
			);
			inputPaths = (
				"${PODS_PODFILE_DIR_PATH}/Podfile.lock",
				"${PODS_ROOT}/Manifest.lock",
			);
			name = "[CP] Check Pods Manifest.lock";
			outputFileListPaths = (
			);
			outputPaths = (
				"$(DERIVED_FILE_DIR)/Pods-Flix-checkManifestLockResult.txt",
			);
			runOnlyForDeploymentPostprocessing = 0;
			shellPath = /bin/sh;
			shellScript = "diff \"${PODS_PODFILE_DIR_PATH}/Podfile.lock\" \"${PODS_ROOT}/Manifest.lock\" > /dev/null\nif [ $? != 0 ] ; then\n    # print error to STDERR\n    echo \"error: The sandbox is not in sync with the Podfile.lock. Run 'pod install' or update your CocoaPods installation.\" >&2\n    exit 1\nfi\n# This output is used by Xcode 'outputs' to avoid re-running this script phase.\necho \"SUCCESS\" > \"${SCRIPT_OUTPUT_FILE_0}\"\n";
			showEnvVarsInLog = 0;
		};
		8A53711DE257A0933A9B2E2D /* [CP] Embed Pods Frameworks */ = {
			isa = PBXShellScriptBuildPhase;
			buildActionMask = 2147483647;
			files = (
			);
			inputFileListPaths = (
				"${PODS_ROOT}/Target Support Files/Pods-Flix/Pods-Flix-frameworks-${CONFIGURATION}-input-files.xcfilelist",
			);
			name = "[CP] Embed Pods Frameworks";
			outputFileListPaths = (
				"${PODS_ROOT}/Target Support Files/Pods-Flix/Pods-Flix-frameworks-${CONFIGURATION}-output-files.xcfilelist",
			);
			runOnlyForDeploymentPostprocessing = 0;
			shellPath = /bin/sh;
			shellScript = "\"${PODS_ROOT}/Target Support Files/Pods-Flix/Pods-Flix-frameworks.sh\"\n";
			showEnvVarsInLog = 0;
		};
		9B5D322CF31EAF8A92BF5304 /* [CP] Check Pods Manifest.lock */ = {
			isa = PBXShellScriptBuildPhase;
			buildActionMask = 2147483647;
			files = (
			);
			inputFileListPaths = (
			);
			inputPaths = (
				"${PODS_PODFILE_DIR_PATH}/Podfile.lock",
				"${PODS_ROOT}/Manifest.lock",
			);
			name = "[CP] Check Pods Manifest.lock";
			outputFileListPaths = (
			);
			outputPaths = (
				"$(DERIVED_FILE_DIR)/Pods-FlixUITests-checkManifestLockResult.txt",
			);
			runOnlyForDeploymentPostprocessing = 0;
			shellPath = /bin/sh;
			shellScript = "diff \"${PODS_PODFILE_DIR_PATH}/Podfile.lock\" \"${PODS_ROOT}/Manifest.lock\" > /dev/null\nif [ $? != 0 ] ; then\n    # print error to STDERR\n    echo \"error: The sandbox is not in sync with the Podfile.lock. Run 'pod install' or update your CocoaPods installation.\" >&2\n    exit 1\nfi\n# This output is used by Xcode 'outputs' to avoid re-running this script phase.\necho \"SUCCESS\" > \"${SCRIPT_OUTPUT_FILE_0}\"\n";
			showEnvVarsInLog = 0;
		};
		D24A05718176201AF3D0FB5B /* [CP] Check Pods Manifest.lock */ = {
			isa = PBXShellScriptBuildPhase;
			buildActionMask = 2147483647;
			files = (
			);
			inputFileListPaths = (
			);
			inputPaths = (
				"${PODS_PODFILE_DIR_PATH}/Podfile.lock",
				"${PODS_ROOT}/Manifest.lock",
			);
			name = "[CP] Check Pods Manifest.lock";
			outputFileListPaths = (
			);
			outputPaths = (
				"$(DERIVED_FILE_DIR)/Pods-FlixTests-checkManifestLockResult.txt",
			);
			runOnlyForDeploymentPostprocessing = 0;
			shellPath = /bin/sh;
			shellScript = "diff \"${PODS_PODFILE_DIR_PATH}/Podfile.lock\" \"${PODS_ROOT}/Manifest.lock\" > /dev/null\nif [ $? != 0 ] ; then\n    # print error to STDERR\n    echo \"error: The sandbox is not in sync with the Podfile.lock. Run 'pod install' or update your CocoaPods installation.\" >&2\n    exit 1\nfi\n# This output is used by Xcode 'outputs' to avoid re-running this script phase.\necho \"SUCCESS\" > \"${SCRIPT_OUTPUT_FILE_0}\"\n";
			showEnvVarsInLog = 0;
		};
/* End PBXShellScriptBuildPhase section */

/* Begin PBXSourcesBuildPhase section */
		DAA0F9622356723F00125366 /* Sources */ = {
			isa = PBXSourcesBuildPhase;
			buildActionMask = 2147483647;
			files = (
				DAA0F9742356724000125366 /* Flix.xcdatamodeld in Sources */,
				DAA0F96A2356724000125366 /* AppDelegate.swift in Sources */,
				DAA8146E235E861600D03628 /* MovieDetailsViewController.swift in Sources */,
				DAA81470235E92F800D03628 /* MovieGridViewController.swift in Sources */,
				DAA0F96C2356724000125366 /* SceneDelegate.swift in Sources */,
				DAA0F9A1235684EA00125366 /* MovieCell.swift in Sources */,
				DA9F794823650F8C006F10E6 /* MovieGridCell.swift in Sources */,
				DAA0F99F235677CA00125366 /* MoviesViewController.swift in Sources */,
			);
			runOnlyForDeploymentPostprocessing = 0;
		};
		DAA0F97B2356725400125366 /* Sources */ = {
			isa = PBXSourcesBuildPhase;
			buildActionMask = 2147483647;
			files = (
				DAA0F9842356725400125366 /* FlixTests.swift in Sources */,
			);
			runOnlyForDeploymentPostprocessing = 0;
		};
		DAA0F9862356725400125366 /* Sources */ = {
			isa = PBXSourcesBuildPhase;
			buildActionMask = 2147483647;
			files = (
				DAA0F98F2356725400125366 /* FlixUITests.swift in Sources */,
			);
			runOnlyForDeploymentPostprocessing = 0;
		};
/* End PBXSourcesBuildPhase section */

/* Begin PBXTargetDependency section */
		DAA0F9812356725400125366 /* PBXTargetDependency */ = {
			isa = PBXTargetDependency;
			target = DAA0F9652356723F00125366 /* Flix */;
			targetProxy = DAA0F9802356725400125366 /* PBXContainerItemProxy */;
		};
		DAA0F98C2356725400125366 /* PBXTargetDependency */ = {
			isa = PBXTargetDependency;
			target = DAA0F9652356723F00125366 /* Flix */;
			targetProxy = DAA0F98B2356725400125366 /* PBXContainerItemProxy */;
		};
/* End PBXTargetDependency section */

/* Begin PBXVariantGroup section */
		DAA0F96F2356724000125366 /* Main.storyboard */ = {
			isa = PBXVariantGroup;
			children = (
				DAA0F9702356724000125366 /* Base */,
			);
			name = Main.storyboard;
			sourceTree = "<group>";
		};
		DAA0F9772356725400125366 /* LaunchScreen.storyboard */ = {
			isa = PBXVariantGroup;
			children = (
				DAA0F9782356725400125366 /* Base */,
			);
			name = LaunchScreen.storyboard;
			sourceTree = "<group>";
		};
/* End PBXVariantGroup section */

/* Begin XCBuildConfiguration section */
		DAA0F9912356725400125366 /* Debug */ = {
			isa = XCBuildConfiguration;
			buildSettings = {
				ALWAYS_SEARCH_USER_PATHS = NO;
				CLANG_ANALYZER_NONNULL = YES;
				CLANG_ANALYZER_NUMBER_OBJECT_CONVERSION = YES_AGGRESSIVE;
				CLANG_CXX_LANGUAGE_STANDARD = "gnu++14";
				CLANG_CXX_LIBRARY = "libc++";
				CLANG_ENABLE_MODULES = YES;
				CLANG_ENABLE_OBJC_ARC = YES;
				CLANG_ENABLE_OBJC_WEAK = YES;
				CLANG_WARN_BLOCK_CAPTURE_AUTORELEASING = YES;
				CLANG_WARN_BOOL_CONVERSION = YES;
				CLANG_WARN_COMMA = YES;
				CLANG_WARN_CONSTANT_CONVERSION = YES;
				CLANG_WARN_DEPRECATED_OBJC_IMPLEMENTATIONS = YES;
				CLANG_WARN_DIRECT_OBJC_ISA_USAGE = YES_ERROR;
				CLANG_WARN_DOCUMENTATION_COMMENTS = YES;
				CLANG_WARN_EMPTY_BODY = YES;
				CLANG_WARN_ENUM_CONVERSION = YES;
				CLANG_WARN_INFINITE_RECURSION = YES;
				CLANG_WARN_INT_CONVERSION = YES;
				CLANG_WARN_NON_LITERAL_NULL_CONVERSION = YES;
				CLANG_WARN_OBJC_IMPLICIT_RETAIN_SELF = YES;
				CLANG_WARN_OBJC_LITERAL_CONVERSION = YES;
				CLANG_WARN_OBJC_ROOT_CLASS = YES_ERROR;
				CLANG_WARN_RANGE_LOOP_ANALYSIS = YES;
				CLANG_WARN_STRICT_PROTOTYPES = YES;
				CLANG_WARN_SUSPICIOUS_MOVE = YES;
				CLANG_WARN_UNGUARDED_AVAILABILITY = YES_AGGRESSIVE;
				CLANG_WARN_UNREACHABLE_CODE = YES;
				CLANG_WARN__DUPLICATE_METHOD_MATCH = YES;
				COPY_PHASE_STRIP = NO;
				DEBUG_INFORMATION_FORMAT = dwarf;
				ENABLE_STRICT_OBJC_MSGSEND = YES;
				ENABLE_TESTABILITY = YES;
				GCC_C_LANGUAGE_STANDARD = gnu11;
				GCC_DYNAMIC_NO_PIC = NO;
				GCC_NO_COMMON_BLOCKS = YES;
				GCC_OPTIMIZATION_LEVEL = 0;
				GCC_PREPROCESSOR_DEFINITIONS = (
					"DEBUG=1",
					"$(inherited)",
				);
				GCC_WARN_64_TO_32_BIT_CONVERSION = YES;
				GCC_WARN_ABOUT_RETURN_TYPE = YES_ERROR;
				GCC_WARN_UNDECLARED_SELECTOR = YES;
				GCC_WARN_UNINITIALIZED_AUTOS = YES_AGGRESSIVE;
				GCC_WARN_UNUSED_FUNCTION = YES;
				GCC_WARN_UNUSED_VARIABLE = YES;
				IPHONEOS_DEPLOYMENT_TARGET = 13.1;
				MTL_ENABLE_DEBUG_INFO = INCLUDE_SOURCE;
				MTL_FAST_MATH = YES;
				ONLY_ACTIVE_ARCH = YES;
				SDKROOT = iphoneos;
				SWIFT_ACTIVE_COMPILATION_CONDITIONS = DEBUG;
				SWIFT_OPTIMIZATION_LEVEL = "-Onone";
			};
			name = Debug;
		};
		DAA0F9922356725400125366 /* Release */ = {
			isa = XCBuildConfiguration;
			buildSettings = {
				ALWAYS_SEARCH_USER_PATHS = NO;
				CLANG_ANALYZER_NONNULL = YES;
				CLANG_ANALYZER_NUMBER_OBJECT_CONVERSION = YES_AGGRESSIVE;
				CLANG_CXX_LANGUAGE_STANDARD = "gnu++14";
				CLANG_CXX_LIBRARY = "libc++";
				CLANG_ENABLE_MODULES = YES;
				CLANG_ENABLE_OBJC_ARC = YES;
				CLANG_ENABLE_OBJC_WEAK = YES;
				CLANG_WARN_BLOCK_CAPTURE_AUTORELEASING = YES;
				CLANG_WARN_BOOL_CONVERSION = YES;
				CLANG_WARN_COMMA = YES;
				CLANG_WARN_CONSTANT_CONVERSION = YES;
				CLANG_WARN_DEPRECATED_OBJC_IMPLEMENTATIONS = YES;
				CLANG_WARN_DIRECT_OBJC_ISA_USAGE = YES_ERROR;
				CLANG_WARN_DOCUMENTATION_COMMENTS = YES;
				CLANG_WARN_EMPTY_BODY = YES;
				CLANG_WARN_ENUM_CONVERSION = YES;
				CLANG_WARN_INFINITE_RECURSION = YES;
				CLANG_WARN_INT_CONVERSION = YES;
				CLANG_WARN_NON_LITERAL_NULL_CONVERSION = YES;
				CLANG_WARN_OBJC_IMPLICIT_RETAIN_SELF = YES;
				CLANG_WARN_OBJC_LITERAL_CONVERSION = YES;
				CLANG_WARN_OBJC_ROOT_CLASS = YES_ERROR;
				CLANG_WARN_RANGE_LOOP_ANALYSIS = YES;
				CLANG_WARN_STRICT_PROTOTYPES = YES;
				CLANG_WARN_SUSPICIOUS_MOVE = YES;
				CLANG_WARN_UNGUARDED_AVAILABILITY = YES_AGGRESSIVE;
				CLANG_WARN_UNREACHABLE_CODE = YES;
				CLANG_WARN__DUPLICATE_METHOD_MATCH = YES;
				COPY_PHASE_STRIP = NO;
				DEBUG_INFORMATION_FORMAT = "dwarf-with-dsym";
				ENABLE_NS_ASSERTIONS = NO;
				ENABLE_STRICT_OBJC_MSGSEND = YES;
				GCC_C_LANGUAGE_STANDARD = gnu11;
				GCC_NO_COMMON_BLOCKS = YES;
				GCC_WARN_64_TO_32_BIT_CONVERSION = YES;
				GCC_WARN_ABOUT_RETURN_TYPE = YES_ERROR;
				GCC_WARN_UNDECLARED_SELECTOR = YES;
				GCC_WARN_UNINITIALIZED_AUTOS = YES_AGGRESSIVE;
				GCC_WARN_UNUSED_FUNCTION = YES;
				GCC_WARN_UNUSED_VARIABLE = YES;
				IPHONEOS_DEPLOYMENT_TARGET = 13.1;
				MTL_ENABLE_DEBUG_INFO = NO;
				MTL_FAST_MATH = YES;
				SDKROOT = iphoneos;
				SWIFT_COMPILATION_MODE = wholemodule;
				SWIFT_OPTIMIZATION_LEVEL = "-O";
				VALIDATE_PRODUCT = YES;
			};
			name = Release;
		};
		DAA0F9942356725400125366 /* Debug */ = {
			isa = XCBuildConfiguration;
			baseConfigurationReference = DF0F94CAAE89A2D339FB1D9B /* Pods-Flix.debug.xcconfig */;
			buildSettings = {
				ASSETCATALOG_COMPILER_APPICON_NAME = AppIcon;
				CODE_SIGN_STYLE = Automatic;
				DEVELOPMENT_TEAM = 8SM98GLDD8;
				INFOPLIST_FILE = Flix/Info.plist;
				LD_RUNPATH_SEARCH_PATHS = (
					"$(inherited)",
					"@executable_path/Frameworks",
				);
				PRODUCT_BUNDLE_IDENTIFIER = "Diana-Balderas.Flix";
				PRODUCT_NAME = "$(TARGET_NAME)";
				SWIFT_VERSION = 5.0;
				TARGETED_DEVICE_FAMILY = "1,2";
			};
			name = Debug;
		};
		DAA0F9952356725400125366 /* Release */ = {
			isa = XCBuildConfiguration;
			baseConfigurationReference = 1EECEDD37F10E87025114F6A /* Pods-Flix.release.xcconfig */;
			buildSettings = {
				ASSETCATALOG_COMPILER_APPICON_NAME = AppIcon;
				CODE_SIGN_STYLE = Automatic;
				DEVELOPMENT_TEAM = 8SM98GLDD8;
				INFOPLIST_FILE = Flix/Info.plist;
				LD_RUNPATH_SEARCH_PATHS = (
					"$(inherited)",
					"@executable_path/Frameworks",
				);
				PRODUCT_BUNDLE_IDENTIFIER = "Diana-Balderas.Flix";
				PRODUCT_NAME = "$(TARGET_NAME)";
				SWIFT_VERSION = 5.0;
				TARGETED_DEVICE_FAMILY = "1,2";
			};
			name = Release;
		};
		DAA0F9972356725400125366 /* Debug */ = {
			isa = XCBuildConfiguration;
			baseConfigurationReference = F36EA50BF4B3186932DE784F /* Pods-FlixTests.debug.xcconfig */;
			buildSettings = {
				ALWAYS_EMBED_SWIFT_STANDARD_LIBRARIES = YES;
				BUNDLE_LOADER = "$(TEST_HOST)";
				CODE_SIGN_STYLE = Automatic;
				DEVELOPMENT_TEAM = 8SM98GLDD8;
				INFOPLIST_FILE = FlixTests/Info.plist;
				IPHONEOS_DEPLOYMENT_TARGET = 13.1;
				LD_RUNPATH_SEARCH_PATHS = (
					"$(inherited)",
					"@executable_path/Frameworks",
					"@loader_path/Frameworks",
				);
				PRODUCT_BUNDLE_IDENTIFIER = "Diana-Balderas.FlixTests";
				PRODUCT_NAME = "$(TARGET_NAME)";
				SWIFT_VERSION = 5.0;
				TARGETED_DEVICE_FAMILY = "1,2";
				TEST_HOST = "$(BUILT_PRODUCTS_DIR)/Flix.app/Flix";
			};
			name = Debug;
		};
		DAA0F9982356725400125366 /* Release */ = {
			isa = XCBuildConfiguration;
			baseConfigurationReference = 92AC21173C7263300C1FFA53 /* Pods-FlixTests.release.xcconfig */;
			buildSettings = {
				ALWAYS_EMBED_SWIFT_STANDARD_LIBRARIES = YES;
				BUNDLE_LOADER = "$(TEST_HOST)";
				CODE_SIGN_STYLE = Automatic;
				DEVELOPMENT_TEAM = 8SM98GLDD8;
				INFOPLIST_FILE = FlixTests/Info.plist;
				IPHONEOS_DEPLOYMENT_TARGET = 13.1;
				LD_RUNPATH_SEARCH_PATHS = (
					"$(inherited)",
					"@executable_path/Frameworks",
					"@loader_path/Frameworks",
				);
				PRODUCT_BUNDLE_IDENTIFIER = "Diana-Balderas.FlixTests";
				PRODUCT_NAME = "$(TARGET_NAME)";
				SWIFT_VERSION = 5.0;
				TARGETED_DEVICE_FAMILY = "1,2";
				TEST_HOST = "$(BUILT_PRODUCTS_DIR)/Flix.app/Flix";
			};
			name = Release;
		};
		DAA0F99A2356725400125366 /* Debug */ = {
			isa = XCBuildConfiguration;
			baseConfigurationReference = 4905605D407DD91FFD2E6A0D /* Pods-FlixUITests.debug.xcconfig */;
			buildSettings = {
				ALWAYS_EMBED_SWIFT_STANDARD_LIBRARIES = YES;
				CODE_SIGN_STYLE = Automatic;
				DEVELOPMENT_TEAM = 8SM98GLDD8;
				INFOPLIST_FILE = FlixUITests/Info.plist;
				LD_RUNPATH_SEARCH_PATHS = (
					"$(inherited)",
					"@executable_path/Frameworks",
					"@loader_path/Frameworks",
				);
				PRODUCT_BUNDLE_IDENTIFIER = "Diana-Balderas.FlixUITests";
				PRODUCT_NAME = "$(TARGET_NAME)";
				SWIFT_VERSION = 5.0;
				TARGETED_DEVICE_FAMILY = "1,2";
				TEST_TARGET_NAME = Flix;
			};
			name = Debug;
		};
		DAA0F99B2356725400125366 /* Release */ = {
			isa = XCBuildConfiguration;
			baseConfigurationReference = 028109C846D531459F4BD101 /* Pods-FlixUITests.release.xcconfig */;
			buildSettings = {
				ALWAYS_EMBED_SWIFT_STANDARD_LIBRARIES = YES;
				CODE_SIGN_STYLE = Automatic;
				DEVELOPMENT_TEAM = 8SM98GLDD8;
				INFOPLIST_FILE = FlixUITests/Info.plist;
				LD_RUNPATH_SEARCH_PATHS = (
					"$(inherited)",
					"@executable_path/Frameworks",
					"@loader_path/Frameworks",
				);
				PRODUCT_BUNDLE_IDENTIFIER = "Diana-Balderas.FlixUITests";
				PRODUCT_NAME = "$(TARGET_NAME)";
				SWIFT_VERSION = 5.0;
				TARGETED_DEVICE_FAMILY = "1,2";
				TEST_TARGET_NAME = Flix;
			};
			name = Release;
		};
/* End XCBuildConfiguration section */

/* Begin XCConfigurationList section */
		DAA0F9612356723F00125366 /* Build configuration list for PBXProject "Flix" */ = {
			isa = XCConfigurationList;
			buildConfigurations = (
				DAA0F9912356725400125366 /* Debug */,
				DAA0F9922356725400125366 /* Release */,
			);
			defaultConfigurationIsVisible = 0;
			defaultConfigurationName = Release;
		};
		DAA0F9932356725400125366 /* Build configuration list for PBXNativeTarget "Flix" */ = {
			isa = XCConfigurationList;
			buildConfigurations = (
				DAA0F9942356725400125366 /* Debug */,
				DAA0F9952356725400125366 /* Release */,
			);
			defaultConfigurationIsVisible = 0;
			defaultConfigurationName = Release;
		};
		DAA0F9962356725400125366 /* Build configuration list for PBXNativeTarget "FlixTests" */ = {
			isa = XCConfigurationList;
			buildConfigurations = (
				DAA0F9972356725400125366 /* Debug */,
				DAA0F9982356725400125366 /* Release */,
			);
			defaultConfigurationIsVisible = 0;
			defaultConfigurationName = Release;
		};
		DAA0F9992356725400125366 /* Build configuration list for PBXNativeTarget "FlixUITests" */ = {
			isa = XCConfigurationList;
			buildConfigurations = (
				DAA0F99A2356725400125366 /* Debug */,
				DAA0F99B2356725400125366 /* Release */,
			);
			defaultConfigurationIsVisible = 0;
			defaultConfigurationName = Release;
		};
/* End XCConfigurationList section */

/* Begin XCVersionGroup section */
		DAA0F9722356724000125366 /* Flix.xcdatamodeld */ = {
			isa = XCVersionGroup;
			children = (
				DAA0F9732356724000125366 /* Flix.xcdatamodel */,
			);
			currentVersion = DAA0F9732356724000125366 /* Flix.xcdatamodel */;
			path = Flix.xcdatamodeld;
			sourceTree = "<group>";
			versionGroupType = wrapper.xcdatamodel;
		};
/* End XCVersionGroup section */
	};
	rootObject = DAA0F95E2356723F00125366 /* Project object */;
}
